// !$*UTF8*$!
{
	archiveVersion = 1;
	classes = {
	};
	objectVersion = 56;
	objects = {

/* Begin PBXBuildFile section */
		5706FC412ADD621700C6058D /* background.js in Resources */ = {isa = PBXBuildFile; fileRef = 5706FC2F2ADD621700C6058D /* background.js */; };
		5706FC422ADD621700C6058D /* background.js in Resources */ = {isa = PBXBuildFile; fileRef = 5706FC2F2ADD621700C6058D /* background.js */; };
		5706FC432ADD621700C6058D /* toolbar-icon-19.png in Resources */ = {isa = PBXBuildFile; fileRef = 5706FC312ADD621700C6058D /* toolbar-icon-19.png */; };
		5706FC442ADD621700C6058D /* toolbar-icon-19.png in Resources */ = {isa = PBXBuildFile; fileRef = 5706FC312ADD621700C6058D /* toolbar-icon-19.png */; };
		5706FC452ADD621700C6058D /* toolbar-icon-32.png in Resources */ = {isa = PBXBuildFile; fileRef = 5706FC322ADD621700C6058D /* toolbar-icon-32.png */; };
		5706FC462ADD621700C6058D /* toolbar-icon-32.png in Resources */ = {isa = PBXBuildFile; fileRef = 5706FC322ADD621700C6058D /* toolbar-icon-32.png */; };
		5706FC472ADD621700C6058D /* icon-256.png in Resources */ = {isa = PBXBuildFile; fileRef = 5706FC332ADD621700C6058D /* icon-256.png */; };
		5706FC482ADD621700C6058D /* icon-256.png in Resources */ = {isa = PBXBuildFile; fileRef = 5706FC332ADD621700C6058D /* icon-256.png */; };
		5706FC492ADD621700C6058D /* icon-48.png in Resources */ = {isa = PBXBuildFile; fileRef = 5706FC342ADD621700C6058D /* icon-48.png */; };
		5706FC4A2ADD621700C6058D /* icon-48.png in Resources */ = {isa = PBXBuildFile; fileRef = 5706FC342ADD621700C6058D /* icon-48.png */; };
		5706FC4B2ADD621700C6058D /* icon-64.png in Resources */ = {isa = PBXBuildFile; fileRef = 5706FC352ADD621700C6058D /* icon-64.png */; };
		5706FC4C2ADD621700C6058D /* icon-64.png in Resources */ = {isa = PBXBuildFile; fileRef = 5706FC352ADD621700C6058D /* icon-64.png */; };
		5706FC4D2ADD621700C6058D /* toolbar-icon-72.png in Resources */ = {isa = PBXBuildFile; fileRef = 5706FC362ADD621700C6058D /* toolbar-icon-72.png */; };
		5706FC4E2ADD621700C6058D /* toolbar-icon-72.png in Resources */ = {isa = PBXBuildFile; fileRef = 5706FC362ADD621700C6058D /* toolbar-icon-72.png */; };
		5706FC4F2ADD621700C6058D /* icon-96.png in Resources */ = {isa = PBXBuildFile; fileRef = 5706FC372ADD621700C6058D /* icon-96.png */; };
		5706FC502ADD621700C6058D /* icon-96.png in Resources */ = {isa = PBXBuildFile; fileRef = 5706FC372ADD621700C6058D /* icon-96.png */; };
		5706FC512ADD621700C6058D /* toolbar-icon-48.png in Resources */ = {isa = PBXBuildFile; fileRef = 5706FC382ADD621700C6058D /* toolbar-icon-48.png */; };
		5706FC522ADD621700C6058D /* toolbar-icon-48.png in Resources */ = {isa = PBXBuildFile; fileRef = 5706FC382ADD621700C6058D /* toolbar-icon-48.png */; };
		5706FC532ADD621700C6058D /* toolbar-icon-38.png in Resources */ = {isa = PBXBuildFile; fileRef = 5706FC392ADD621700C6058D /* toolbar-icon-38.png */; };
		5706FC542ADD621700C6058D /* toolbar-icon-38.png in Resources */ = {isa = PBXBuildFile; fileRef = 5706FC392ADD621700C6058D /* toolbar-icon-38.png */; };
		5706FC552ADD621700C6058D /* icon-128.png in Resources */ = {isa = PBXBuildFile; fileRef = 5706FC3A2ADD621700C6058D /* icon-128.png */; };
		5706FC562ADD621700C6058D /* icon-128.png in Resources */ = {isa = PBXBuildFile; fileRef = 5706FC3A2ADD621700C6058D /* icon-128.png */; };
		5706FC572ADD621700C6058D /* toolbar-icon-16.png in Resources */ = {isa = PBXBuildFile; fileRef = 5706FC3B2ADD621700C6058D /* toolbar-icon-16.png */; };
		5706FC582ADD621700C6058D /* toolbar-icon-16.png in Resources */ = {isa = PBXBuildFile; fileRef = 5706FC3B2ADD621700C6058D /* toolbar-icon-16.png */; };
		5706FC592ADD621700C6058D /* icon-512.png in Resources */ = {isa = PBXBuildFile; fileRef = 5706FC3C2ADD621700C6058D /* icon-512.png */; };
		5706FC5A2ADD621700C6058D /* icon-512.png in Resources */ = {isa = PBXBuildFile; fileRef = 5706FC3C2ADD621700C6058D /* icon-512.png */; };
		5706FC5B2ADD621700C6058D /* manifest.json in Resources */ = {isa = PBXBuildFile; fileRef = 5706FC3D2ADD621700C6058D /* manifest.json */; };
		5706FC5C2ADD621700C6058D /* manifest.json in Resources */ = {isa = PBXBuildFile; fileRef = 5706FC3D2ADD621700C6058D /* manifest.json */; };
		5706FC5D2ADD621700C6058D /* messages.json in Resources */ = {isa = PBXBuildFile; fileRef = 5706FC402ADD621700C6058D /* messages.json */; };
		5706FC5E2ADD621700C6058D /* messages.json in Resources */ = {isa = PBXBuildFile; fileRef = 5706FC402ADD621700C6058D /* messages.json */; };
		578C75242ADD541200E6A602 /* AppDelegate.swift in Sources */ = {isa = PBXBuildFile; fileRef = 578C75232ADD541200E6A602 /* AppDelegate.swift */; };
		578C75262ADD541200E6A602 /* SceneDelegate.swift in Sources */ = {isa = PBXBuildFile; fileRef = 578C75252ADD541200E6A602 /* SceneDelegate.swift */; };
		578C75292ADD541200E6A602 /* LaunchScreen.storyboard in Resources */ = {isa = PBXBuildFile; fileRef = 578C75272ADD541200E6A602 /* LaunchScreen.storyboard */; };
		578C752C2ADD541200E6A602 /* Main.storyboard in Resources */ = {isa = PBXBuildFile; fileRef = 578C752A2ADD541200E6A602 /* Main.storyboard */; };
		578C75352ADD541200E6A602 /* AppDelegate.swift in Sources */ = {isa = PBXBuildFile; fileRef = 578C75342ADD541200E6A602 /* AppDelegate.swift */; };
		578C75382ADD541200E6A602 /* Main.storyboard in Resources */ = {isa = PBXBuildFile; fileRef = 578C75362ADD541200E6A602 /* Main.storyboard */; };
		578C75402ADD541200E6A602 /* WordPress Admin Toggle Extension.appex in Embed Foundation Extensions */ = {isa = PBXBuildFile; fileRef = 578C753F2ADD541200E6A602 /* WordPress Admin Toggle Extension.appex */; settings = {ATTRIBUTES = (RemoveHeadersOnCopy, ); }; };
		578C754A2ADD541200E6A602 /* WordPress Admin Toggle Extension.appex in Embed Foundation Extensions */ = {isa = PBXBuildFile; fileRef = 578C75492ADD541200E6A602 /* WordPress Admin Toggle Extension.appex */; settings = {ATTRIBUTES = (RemoveHeadersOnCopy, ); }; };
		578C75502ADD541200E6A602 /* Main.html in Resources */ = {isa = PBXBuildFile; fileRef = 578C75132ADD541200E6A602 /* Main.html */; };
		578C75512ADD541200E6A602 /* Main.html in Resources */ = {isa = PBXBuildFile; fileRef = 578C75132ADD541200E6A602 /* Main.html */; };
		578C75522ADD541200E6A602 /* Icon.png in Resources */ = {isa = PBXBuildFile; fileRef = 578C75152ADD541200E6A602 /* Icon.png */; };
		578C75532ADD541200E6A602 /* Icon.png in Resources */ = {isa = PBXBuildFile; fileRef = 578C75152ADD541200E6A602 /* Icon.png */; };
		578C75542ADD541200E6A602 /* Style.css in Resources */ = {isa = PBXBuildFile; fileRef = 578C75162ADD541200E6A602 /* Style.css */; };
		578C75552ADD541200E6A602 /* Style.css in Resources */ = {isa = PBXBuildFile; fileRef = 578C75162ADD541200E6A602 /* Style.css */; };
		578C75562ADD541200E6A602 /* Script.js in Resources */ = {isa = PBXBuildFile; fileRef = 578C75172ADD541200E6A602 /* Script.js */; };
		578C75572ADD541200E6A602 /* Script.js in Resources */ = {isa = PBXBuildFile; fileRef = 578C75172ADD541200E6A602 /* Script.js */; };
		578C75582ADD541200E6A602 /* ViewController.swift in Sources */ = {isa = PBXBuildFile; fileRef = 578C75182ADD541200E6A602 /* ViewController.swift */; };
		578C75592ADD541200E6A602 /* ViewController.swift in Sources */ = {isa = PBXBuildFile; fileRef = 578C75182ADD541200E6A602 /* ViewController.swift */; };
		578C755A2ADD541200E6A602 /* Assets.xcassets in Resources */ = {isa = PBXBuildFile; fileRef = 578C75192ADD541200E6A602 /* Assets.xcassets */; };
		578C755B2ADD541200E6A602 /* Assets.xcassets in Resources */ = {isa = PBXBuildFile; fileRef = 578C75192ADD541200E6A602 /* Assets.xcassets */; };
		578C755C2ADD541200E6A602 /* SafariWebExtensionHandler.swift in Sources */ = {isa = PBXBuildFile; fileRef = 578C751B2ADD541200E6A602 /* SafariWebExtensionHandler.swift */; };
		578C755D2ADD541200E6A602 /* SafariWebExtensionHandler.swift in Sources */ = {isa = PBXBuildFile; fileRef = 578C751B2ADD541200E6A602 /* SafariWebExtensionHandler.swift */; };
/* End PBXBuildFile section */

/* Begin PBXContainerItemProxy section */
		578C75412ADD541200E6A602 /* PBXContainerItemProxy */ = {
			isa = PBXContainerItemProxy;
			containerPortal = 578C750D2ADD541200E6A602 /* Project object */;
			proxyType = 1;
			remoteGlobalIDString = 578C753E2ADD541200E6A602;
			remoteInfo = "WordPress Admin Toggle Extension (iOS)";
		};
		578C754B2ADD541200E6A602 /* PBXContainerItemProxy */ = {
			isa = PBXContainerItemProxy;
			containerPortal = 578C750D2ADD541200E6A602 /* Project object */;
			proxyType = 1;
			remoteGlobalIDString = 578C75482ADD541200E6A602;
			remoteInfo = "WordPress Admin Toggle Extension (macOS)";
		};
/* End PBXContainerItemProxy section */

/* Begin PBXCopyFilesBuildPhase section */
		578C75632ADD541200E6A602 /* Embed Foundation Extensions */ = {
			isa = PBXCopyFilesBuildPhase;
			buildActionMask = 2147483647;
			dstPath = "";
			dstSubfolderSpec = 13;
			files = (
				578C75402ADD541200E6A602 /* WordPress Admin Toggle Extension.appex in Embed Foundation Extensions */,
			);
			name = "Embed Foundation Extensions";
			runOnlyForDeploymentPostprocessing = 0;
		};
		578C756A2ADD541200E6A602 /* Embed Foundation Extensions */ = {
			isa = PBXCopyFilesBuildPhase;
			buildActionMask = 2147483647;
			dstPath = "";
			dstSubfolderSpec = 13;
			files = (
				578C754A2ADD541200E6A602 /* WordPress Admin Toggle Extension.appex in Embed Foundation Extensions */,
			);
			name = "Embed Foundation Extensions";
			runOnlyForDeploymentPostprocessing = 0;
		};
/* End PBXCopyFilesBuildPhase section */

/* Begin PBXFileReference section */
		5706FC2F2ADD621700C6058D /* background.js */ = {isa = PBXFileReference; fileEncoding = 4; lastKnownFileType = sourcecode.javascript; path = background.js; sourceTree = "<group>"; };
		5706FC312ADD621700C6058D /* toolbar-icon-19.png */ = {isa = PBXFileReference; lastKnownFileType = image.png; path = "toolbar-icon-19.png"; sourceTree = "<group>"; };
		5706FC322ADD621700C6058D /* toolbar-icon-32.png */ = {isa = PBXFileReference; lastKnownFileType = image.png; path = "toolbar-icon-32.png"; sourceTree = "<group>"; };
		5706FC332ADD621700C6058D /* icon-256.png */ = {isa = PBXFileReference; lastKnownFileType = image.png; path = "icon-256.png"; sourceTree = "<group>"; };
		5706FC342ADD621700C6058D /* icon-48.png */ = {isa = PBXFileReference; lastKnownFileType = image.png; path = "icon-48.png"; sourceTree = "<group>"; };
		5706FC352ADD621700C6058D /* icon-64.png */ = {isa = PBXFileReference; lastKnownFileType = image.png; path = "icon-64.png"; sourceTree = "<group>"; };
		5706FC362ADD621700C6058D /* toolbar-icon-72.png */ = {isa = PBXFileReference; lastKnownFileType = image.png; path = "toolbar-icon-72.png"; sourceTree = "<group>"; };
		5706FC372ADD621700C6058D /* icon-96.png */ = {isa = PBXFileReference; lastKnownFileType = image.png; path = "icon-96.png"; sourceTree = "<group>"; };
		5706FC382ADD621700C6058D /* toolbar-icon-48.png */ = {isa = PBXFileReference; lastKnownFileType = image.png; path = "toolbar-icon-48.png"; sourceTree = "<group>"; };
		5706FC392ADD621700C6058D /* toolbar-icon-38.png */ = {isa = PBXFileReference; lastKnownFileType = image.png; path = "toolbar-icon-38.png"; sourceTree = "<group>"; };
		5706FC3A2ADD621700C6058D /* icon-128.png */ = {isa = PBXFileReference; lastKnownFileType = image.png; path = "icon-128.png"; sourceTree = "<group>"; };
		5706FC3B2ADD621700C6058D /* toolbar-icon-16.png */ = {isa = PBXFileReference; lastKnownFileType = image.png; path = "toolbar-icon-16.png"; sourceTree = "<group>"; };
		5706FC3C2ADD621700C6058D /* icon-512.png */ = {isa = PBXFileReference; lastKnownFileType = image.png; path = "icon-512.png"; sourceTree = "<group>"; };
		5706FC3D2ADD621700C6058D /* manifest.json */ = {isa = PBXFileReference; fileEncoding = 4; lastKnownFileType = text.json; path = manifest.json; sourceTree = "<group>"; };
		5706FC402ADD621700C6058D /* messages.json */ = {isa = PBXFileReference; fileEncoding = 4; lastKnownFileType = text.json; path = messages.json; sourceTree = "<group>"; };
		578C75142ADD541200E6A602 /* Base */ = {isa = PBXFileReference; lastKnownFileType = text.html; name = Base; path = ../Base.lproj/Main.html; sourceTree = "<group>"; };
		578C75152ADD541200E6A602 /* Icon.png */ = {isa = PBXFileReference; lastKnownFileType = image.png; path = Icon.png; sourceTree = "<group>"; };
		578C75162ADD541200E6A602 /* Style.css */ = {isa = PBXFileReference; lastKnownFileType = text.css; path = Style.css; sourceTree = "<group>"; };
		578C75172ADD541200E6A602 /* Script.js */ = {isa = PBXFileReference; lastKnownFileType = sourcecode.javascript; path = Script.js; sourceTree = "<group>"; };
		578C75182ADD541200E6A602 /* ViewController.swift */ = {isa = PBXFileReference; lastKnownFileType = sourcecode.swift; path = ViewController.swift; sourceTree = "<group>"; };
		578C75192ADD541200E6A602 /* Assets.xcassets */ = {isa = PBXFileReference; lastKnownFileType = folder.assetcatalog; path = Assets.xcassets; sourceTree = "<group>"; };
		578C751B2ADD541200E6A602 /* SafariWebExtensionHandler.swift */ = {isa = PBXFileReference; lastKnownFileType = sourcecode.swift; path = SafariWebExtensionHandler.swift; sourceTree = "<group>"; };
		578C75202ADD541200E6A602 /* WordPress Admin Toggle.app */ = {isa = PBXFileReference; explicitFileType = wrapper.application; includeInIndex = 0; path = "WordPress Admin Toggle.app"; sourceTree = BUILT_PRODUCTS_DIR; };
		578C75232ADD541200E6A602 /* AppDelegate.swift */ = {isa = PBXFileReference; lastKnownFileType = sourcecode.swift; path = AppDelegate.swift; sourceTree = "<group>"; };
		578C75252ADD541200E6A602 /* SceneDelegate.swift */ = {isa = PBXFileReference; lastKnownFileType = sourcecode.swift; path = SceneDelegate.swift; sourceTree = "<group>"; };
		578C75282ADD541200E6A602 /* Base */ = {isa = PBXFileReference; lastKnownFileType = file.storyboard; name = Base; path = Base.lproj/LaunchScreen.storyboard; sourceTree = "<group>"; };
		578C752B2ADD541200E6A602 /* Base */ = {isa = PBXFileReference; lastKnownFileType = file.storyboard; name = Base; path = Base.lproj/Main.storyboard; sourceTree = "<group>"; };
		578C752D2ADD541200E6A602 /* Info.plist */ = {isa = PBXFileReference; lastKnownFileType = text.plist.xml; path = Info.plist; sourceTree = "<group>"; };
		578C75322ADD541200E6A602 /* WordPress Admin Toggle.app */ = {isa = PBXFileReference; explicitFileType = wrapper.application; includeInIndex = 0; path = "WordPress Admin Toggle.app"; sourceTree = BUILT_PRODUCTS_DIR; };
		578C75342ADD541200E6A602 /* AppDelegate.swift */ = {isa = PBXFileReference; lastKnownFileType = sourcecode.swift; path = AppDelegate.swift; sourceTree = "<group>"; };
		578C75372ADD541200E6A602 /* Base */ = {isa = PBXFileReference; lastKnownFileType = file.storyboard; name = Base; path = Base.lproj/Main.storyboard; sourceTree = "<group>"; };
		578C75392ADD541200E6A602 /* Info.plist */ = {isa = PBXFileReference; lastKnownFileType = text.plist.xml; path = Info.plist; sourceTree = "<group>"; };
		578C753A2ADD541200E6A602 /* WordPress Admin Toggle.entitlements */ = {isa = PBXFileReference; lastKnownFileType = text.plist.entitlements; path = "WordPress Admin Toggle.entitlements"; sourceTree = "<group>"; };
		578C753F2ADD541200E6A602 /* WordPress Admin Toggle Extension.appex */ = {isa = PBXFileReference; explicitFileType = "wrapper.app-extension"; includeInIndex = 0; path = "WordPress Admin Toggle Extension.appex"; sourceTree = BUILT_PRODUCTS_DIR; };
		578C75442ADD541200E6A602 /* Info.plist */ = {isa = PBXFileReference; lastKnownFileType = text.plist.xml; path = Info.plist; sourceTree = "<group>"; };
		578C75492ADD541200E6A602 /* WordPress Admin Toggle Extension.appex */ = {isa = PBXFileReference; explicitFileType = "wrapper.app-extension"; includeInIndex = 0; path = "WordPress Admin Toggle Extension.appex"; sourceTree = BUILT_PRODUCTS_DIR; };
		578C754E2ADD541200E6A602 /* Info.plist */ = {isa = PBXFileReference; lastKnownFileType = text.plist.xml; path = Info.plist; sourceTree = "<group>"; };
		578C754F2ADD541200E6A602 /* WordPress Admin Toggle.entitlements */ = {isa = PBXFileReference; lastKnownFileType = text.plist.entitlements; path = "WordPress Admin Toggle.entitlements"; sourceTree = "<group>"; };
/* End PBXFileReference section */

/* Begin PBXFrameworksBuildPhase section */
		578C751D2ADD541200E6A602 /* Frameworks */ = {
			isa = PBXFrameworksBuildPhase;
			buildActionMask = 2147483647;
			files = (
			);
			runOnlyForDeploymentPostprocessing = 0;
		};
		578C752F2ADD541200E6A602 /* Frameworks */ = {
			isa = PBXFrameworksBuildPhase;
			buildActionMask = 2147483647;
			files = (
			);
			runOnlyForDeploymentPostprocessing = 0;
		};
		578C753C2ADD541200E6A602 /* Frameworks */ = {
			isa = PBXFrameworksBuildPhase;
			buildActionMask = 2147483647;
			files = (
			);
			runOnlyForDeploymentPostprocessing = 0;
		};
		578C75462ADD541200E6A602 /* Frameworks */ = {
			isa = PBXFrameworksBuildPhase;
			buildActionMask = 2147483647;
			files = (
			);
			runOnlyForDeploymentPostprocessing = 0;
		};
/* End PBXFrameworksBuildPhase section */

/* Begin PBXGroup section */
		5706FC2E2ADD621700C6058D /* Resources */ = {
			isa = PBXGroup;
			children = (
				5706FC2F2ADD621700C6058D /* background.js */,
				5706FC302ADD621700C6058D /* images */,
				5706FC3D2ADD621700C6058D /* manifest.json */,
				5706FC3E2ADD621700C6058D /* _locales */,
			);
			path = Resources;
			sourceTree = "<group>";
		};
		5706FC302ADD621700C6058D /* images */ = {
			isa = PBXGroup;
			children = (
				5706FC312ADD621700C6058D /* toolbar-icon-19.png */,
				5706FC322ADD621700C6058D /* toolbar-icon-32.png */,
				5706FC332ADD621700C6058D /* icon-256.png */,
				5706FC342ADD621700C6058D /* icon-48.png */,
				5706FC352ADD621700C6058D /* icon-64.png */,
				5706FC362ADD621700C6058D /* toolbar-icon-72.png */,
				5706FC372ADD621700C6058D /* icon-96.png */,
				5706FC382ADD621700C6058D /* toolbar-icon-48.png */,
				5706FC392ADD621700C6058D /* toolbar-icon-38.png */,
				5706FC3A2ADD621700C6058D /* icon-128.png */,
				5706FC3B2ADD621700C6058D /* toolbar-icon-16.png */,
				5706FC3C2ADD621700C6058D /* icon-512.png */,
			);
			path = images;
			sourceTree = "<group>";
		};
		5706FC3E2ADD621700C6058D /* _locales */ = {
			isa = PBXGroup;
			children = (
				5706FC3F2ADD621700C6058D /* en */,
			);
			path = _locales;
			sourceTree = "<group>";
		};
		5706FC3F2ADD621700C6058D /* en */ = {
			isa = PBXGroup;
			children = (
				5706FC402ADD621700C6058D /* messages.json */,
			);
			path = en;
			sourceTree = "<group>";
		};
		578C750C2ADD541200E6A602 = {
			isa = PBXGroup;
			children = (
				578C75112ADD541200E6A602 /* Shared (App) */,
				578C751A2ADD541200E6A602 /* Shared (Extension) */,
				578C75222ADD541200E6A602 /* iOS (App) */,
				578C75332ADD541200E6A602 /* macOS (App) */,
				578C75432ADD541200E6A602 /* iOS (Extension) */,
				578C754D2ADD541200E6A602 /* macOS (Extension) */,
				578C75212ADD541200E6A602 /* Products */,
			);
			sourceTree = "<group>";
		};
		578C75112ADD541200E6A602 /* Shared (App) */ = {
			isa = PBXGroup;
			children = (
				578C75182ADD541200E6A602 /* ViewController.swift */,
				578C75192ADD541200E6A602 /* Assets.xcassets */,
				578C75122ADD541200E6A602 /* Resources */,
			);
			path = "Shared (App)";
			sourceTree = "<group>";
		};
		578C75122ADD541200E6A602 /* Resources */ = {
			isa = PBXGroup;
			children = (
				578C75132ADD541200E6A602 /* Main.html */,
				578C75152ADD541200E6A602 /* Icon.png */,
				578C75162ADD541200E6A602 /* Style.css */,
				578C75172ADD541200E6A602 /* Script.js */,
			);
			path = Resources;
			sourceTree = "<group>";
		};
		578C751A2ADD541200E6A602 /* Shared (Extension) */ = {
			isa = PBXGroup;
			children = (
				5706FC2E2ADD621700C6058D /* Resources */,
				578C751B2ADD541200E6A602 /* SafariWebExtensionHandler.swift */,
			);
			path = "Shared (Extension)";
			sourceTree = "<group>";
		};
		578C75212ADD541200E6A602 /* Products */ = {
			isa = PBXGroup;
			children = (
				578C75202ADD541200E6A602 /* WordPress Admin Toggle.app */,
				578C75322ADD541200E6A602 /* WordPress Admin Toggle.app */,
				578C753F2ADD541200E6A602 /* WordPress Admin Toggle Extension.appex */,
				578C75492ADD541200E6A602 /* WordPress Admin Toggle Extension.appex */,
			);
			name = Products;
			sourceTree = "<group>";
		};
		578C75222ADD541200E6A602 /* iOS (App) */ = {
			isa = PBXGroup;
			children = (
				578C75232ADD541200E6A602 /* AppDelegate.swift */,
				578C75252ADD541200E6A602 /* SceneDelegate.swift */,
				578C75272ADD541200E6A602 /* LaunchScreen.storyboard */,
				578C752A2ADD541200E6A602 /* Main.storyboard */,
				578C752D2ADD541200E6A602 /* Info.plist */,
			);
			path = "iOS (App)";
			sourceTree = "<group>";
		};
		578C75332ADD541200E6A602 /* macOS (App) */ = {
			isa = PBXGroup;
			children = (
				578C75342ADD541200E6A602 /* AppDelegate.swift */,
				578C75362ADD541200E6A602 /* Main.storyboard */,
				578C75392ADD541200E6A602 /* Info.plist */,
				578C753A2ADD541200E6A602 /* WordPress Admin Toggle.entitlements */,
			);
			path = "macOS (App)";
			sourceTree = "<group>";
		};
		578C75432ADD541200E6A602 /* iOS (Extension) */ = {
			isa = PBXGroup;
			children = (
				578C75442ADD541200E6A602 /* Info.plist */,
			);
			path = "iOS (Extension)";
			sourceTree = "<group>";
		};
		578C754D2ADD541200E6A602 /* macOS (Extension) */ = {
			isa = PBXGroup;
			children = (
				578C754E2ADD541200E6A602 /* Info.plist */,
				578C754F2ADD541200E6A602 /* WordPress Admin Toggle.entitlements */,
			);
			path = "macOS (Extension)";
			sourceTree = "<group>";
		};
/* End PBXGroup section */

/* Begin PBXNativeTarget section */
		578C751F2ADD541200E6A602 /* WordPress Admin Toggle (iOS) */ = {
			isa = PBXNativeTarget;
			buildConfigurationList = 578C75642ADD541200E6A602 /* Build configuration list for PBXNativeTarget "WordPress Admin Toggle (iOS)" */;
			buildPhases = (
				578C751C2ADD541200E6A602 /* Sources */,
				578C751D2ADD541200E6A602 /* Frameworks */,
				578C751E2ADD541200E6A602 /* Resources */,
				578C75632ADD541200E6A602 /* Embed Foundation Extensions */,
			);
			buildRules = (
			);
			dependencies = (
				578C75422ADD541200E6A602 /* PBXTargetDependency */,
			);
			name = "WordPress Admin Toggle (iOS)";
			productName = "WordPress Admin Toggle (iOS)";
			productReference = 578C75202ADD541200E6A602 /* WordPress Admin Toggle.app */;
			productType = "com.apple.product-type.application";
		};
		578C75312ADD541200E6A602 /* WordPress Admin Toggle (macOS) */ = {
			isa = PBXNativeTarget;
			buildConfigurationList = 578C756B2ADD541200E6A602 /* Build configuration list for PBXNativeTarget "WordPress Admin Toggle (macOS)" */;
			buildPhases = (
				578C752E2ADD541200E6A602 /* Sources */,
				578C752F2ADD541200E6A602 /* Frameworks */,
				578C75302ADD541200E6A602 /* Resources */,
				578C756A2ADD541200E6A602 /* Embed Foundation Extensions */,
			);
			buildRules = (
			);
			dependencies = (
				578C754C2ADD541200E6A602 /* PBXTargetDependency */,
			);
			name = "WordPress Admin Toggle (macOS)";
			productName = "WordPress Admin Toggle (macOS)";
			productReference = 578C75322ADD541200E6A602 /* WordPress Admin Toggle.app */;
			productType = "com.apple.product-type.application";
		};
		578C753E2ADD541200E6A602 /* WordPress Admin Toggle Extension (iOS) */ = {
			isa = PBXNativeTarget;
			buildConfigurationList = 578C75602ADD541200E6A602 /* Build configuration list for PBXNativeTarget "WordPress Admin Toggle Extension (iOS)" */;
			buildPhases = (
				578C753B2ADD541200E6A602 /* Sources */,
				578C753C2ADD541200E6A602 /* Frameworks */,
				578C753D2ADD541200E6A602 /* Resources */,
			);
			buildRules = (
			);
			dependencies = (
			);
			name = "WordPress Admin Toggle Extension (iOS)";
			productName = "WordPress Admin Toggle Extension (iOS)";
			productReference = 578C753F2ADD541200E6A602 /* WordPress Admin Toggle Extension.appex */;
			productType = "com.apple.product-type.app-extension";
		};
		578C75482ADD541200E6A602 /* WordPress Admin Toggle Extension (macOS) */ = {
			isa = PBXNativeTarget;
			buildConfigurationList = 578C75672ADD541200E6A602 /* Build configuration list for PBXNativeTarget "WordPress Admin Toggle Extension (macOS)" */;
			buildPhases = (
				578C75452ADD541200E6A602 /* Sources */,
				578C75462ADD541200E6A602 /* Frameworks */,
				578C75472ADD541200E6A602 /* Resources */,
			);
			buildRules = (
			);
			dependencies = (
			);
			name = "WordPress Admin Toggle Extension (macOS)";
			productName = "WordPress Admin Toggle Extension (macOS)";
			productReference = 578C75492ADD541200E6A602 /* WordPress Admin Toggle Extension.appex */;
			productType = "com.apple.product-type.app-extension";
		};
/* End PBXNativeTarget section */

/* Begin PBXProject section */
		578C750D2ADD541200E6A602 /* Project object */ = {
			isa = PBXProject;
			attributes = {
				BuildIndependentTargetsInParallel = 1;
				LastSwiftUpdateCheck = 1430;
				LastUpgradeCheck = 1430;
				TargetAttributes = {
					578C751F2ADD541200E6A602 = {
						CreatedOnToolsVersion = 14.3.1;
					};
					578C75312ADD541200E6A602 = {
						CreatedOnToolsVersion = 14.3.1;
					};
					578C753E2ADD541200E6A602 = {
						CreatedOnToolsVersion = 14.3.1;
					};
					578C75482ADD541200E6A602 = {
						CreatedOnToolsVersion = 14.3.1;
					};
				};
			};
			buildConfigurationList = 578C75102ADD541200E6A602 /* Build configuration list for PBXProject "WordPress Admin Toggle" */;
			compatibilityVersion = "Xcode 14.0";
			developmentRegion = en;
			hasScannedForEncodings = 0;
			knownRegions = (
				en,
				Base,
			);
			mainGroup = 578C750C2ADD541200E6A602;
			productRefGroup = 578C75212ADD541200E6A602 /* Products */;
			projectDirPath = "";
			projectRoot = "";
			targets = (
				578C751F2ADD541200E6A602 /* WordPress Admin Toggle (iOS) */,
				578C75312ADD541200E6A602 /* WordPress Admin Toggle (macOS) */,
				578C753E2ADD541200E6A602 /* WordPress Admin Toggle Extension (iOS) */,
				578C75482ADD541200E6A602 /* WordPress Admin Toggle Extension (macOS) */,
			);
		};
/* End PBXProject section */

/* Begin PBXResourcesBuildPhase section */
		578C751E2ADD541200E6A602 /* Resources */ = {
			isa = PBXResourcesBuildPhase;
			buildActionMask = 2147483647;
			files = (
				578C75522ADD541200E6A602 /* Icon.png in Resources */,
				578C75292ADD541200E6A602 /* LaunchScreen.storyboard in Resources */,
				578C75502ADD541200E6A602 /* Main.html in Resources */,
				578C75562ADD541200E6A602 /* Script.js in Resources */,
				578C755A2ADD541200E6A602 /* Assets.xcassets in Resources */,
				578C752C2ADD541200E6A602 /* Main.storyboard in Resources */,
				578C75542ADD541200E6A602 /* Style.css in Resources */,
			);
			runOnlyForDeploymentPostprocessing = 0;
		};
		578C75302ADD541200E6A602 /* Resources */ = {
			isa = PBXResourcesBuildPhase;
			buildActionMask = 2147483647;
			files = (
				578C75532ADD541200E6A602 /* Icon.png in Resources */,
				578C75552ADD541200E6A602 /* Style.css in Resources */,
				578C75382ADD541200E6A602 /* Main.storyboard in Resources */,
				578C75572ADD541200E6A602 /* Script.js in Resources */,
				578C755B2ADD541200E6A602 /* Assets.xcassets in Resources */,
				578C75512ADD541200E6A602 /* Main.html in Resources */,
			);
			runOnlyForDeploymentPostprocessing = 0;
		};
		578C753D2ADD541200E6A602 /* Resources */ = {
			isa = PBXResourcesBuildPhase;
			buildActionMask = 2147483647;
			files = (
				5706FC512ADD621700C6058D /* toolbar-icon-48.png in Resources */,
				5706FC492ADD621700C6058D /* icon-48.png in Resources */,
				5706FC4D2ADD621700C6058D /* toolbar-icon-72.png in Resources */,
				5706FC572ADD621700C6058D /* toolbar-icon-16.png in Resources */,
				5706FC532ADD621700C6058D /* toolbar-icon-38.png in Resources */,
				5706FC552ADD621700C6058D /* icon-128.png in Resources */,
				5706FC452ADD621700C6058D /* toolbar-icon-32.png in Resources */,
				5706FC4F2ADD621700C6058D /* icon-96.png in Resources */,
				5706FC5B2ADD621700C6058D /* manifest.json in Resources */,
				5706FC4B2ADD621700C6058D /* icon-64.png in Resources */,
				5706FC432ADD621700C6058D /* toolbar-icon-19.png in Resources */,
				5706FC5D2ADD621700C6058D /* messages.json in Resources */,
				5706FC592ADD621700C6058D /* icon-512.png in Resources */,
				5706FC472ADD621700C6058D /* icon-256.png in Resources */,
				5706FC412ADD621700C6058D /* background.js in Resources */,
			);
			runOnlyForDeploymentPostprocessing = 0;
		};
		578C75472ADD541200E6A602 /* Resources */ = {
			isa = PBXResourcesBuildPhase;
			buildActionMask = 2147483647;
			files = (
				5706FC522ADD621700C6058D /* toolbar-icon-48.png in Resources */,
				5706FC4A2ADD621700C6058D /* icon-48.png in Resources */,
				5706FC4E2ADD621700C6058D /* toolbar-icon-72.png in Resources */,
				5706FC582ADD621700C6058D /* toolbar-icon-16.png in Resources */,
				5706FC542ADD621700C6058D /* toolbar-icon-38.png in Resources */,
				5706FC562ADD621700C6058D /* icon-128.png in Resources */,
				5706FC462ADD621700C6058D /* toolbar-icon-32.png in Resources */,
				5706FC502ADD621700C6058D /* icon-96.png in Resources */,
				5706FC5C2ADD621700C6058D /* manifest.json in Resources */,
				5706FC4C2ADD621700C6058D /* icon-64.png in Resources */,
				5706FC442ADD621700C6058D /* toolbar-icon-19.png in Resources */,
				5706FC5E2ADD621700C6058D /* messages.json in Resources */,
				5706FC5A2ADD621700C6058D /* icon-512.png in Resources */,
				5706FC482ADD621700C6058D /* icon-256.png in Resources */,
				5706FC422ADD621700C6058D /* background.js in Resources */,
			);
			runOnlyForDeploymentPostprocessing = 0;
		};
/* End PBXResourcesBuildPhase section */

/* Begin PBXSourcesBuildPhase section */
		578C751C2ADD541200E6A602 /* Sources */ = {
			isa = PBXSourcesBuildPhase;
			buildActionMask = 2147483647;
			files = (
				578C75582ADD541200E6A602 /* ViewController.swift in Sources */,
				578C75242ADD541200E6A602 /* AppDelegate.swift in Sources */,
				578C75262ADD541200E6A602 /* SceneDelegate.swift in Sources */,
			);
			runOnlyForDeploymentPostprocessing = 0;
		};
		578C752E2ADD541200E6A602 /* Sources */ = {
			isa = PBXSourcesBuildPhase;
			buildActionMask = 2147483647;
			files = (
				578C75592ADD541200E6A602 /* ViewController.swift in Sources */,
				578C75352ADD541200E6A602 /* AppDelegate.swift in Sources */,
			);
			runOnlyForDeploymentPostprocessing = 0;
		};
		578C753B2ADD541200E6A602 /* Sources */ = {
			isa = PBXSourcesBuildPhase;
			buildActionMask = 2147483647;
			files = (
				578C755C2ADD541200E6A602 /* SafariWebExtensionHandler.swift in Sources */,
			);
			runOnlyForDeploymentPostprocessing = 0;
		};
		578C75452ADD541200E6A602 /* Sources */ = {
			isa = PBXSourcesBuildPhase;
			buildActionMask = 2147483647;
			files = (
				578C755D2ADD541200E6A602 /* SafariWebExtensionHandler.swift in Sources */,
			);
			runOnlyForDeploymentPostprocessing = 0;
		};
/* End PBXSourcesBuildPhase section */

/* Begin PBXTargetDependency section */
		578C75422ADD541200E6A602 /* PBXTargetDependency */ = {
			isa = PBXTargetDependency;
			target = 578C753E2ADD541200E6A602 /* WordPress Admin Toggle Extension (iOS) */;
			targetProxy = 578C75412ADD541200E6A602 /* PBXContainerItemProxy */;
		};
		578C754C2ADD541200E6A602 /* PBXTargetDependency */ = {
			isa = PBXTargetDependency;
			target = 578C75482ADD541200E6A602 /* WordPress Admin Toggle Extension (macOS) */;
			targetProxy = 578C754B2ADD541200E6A602 /* PBXContainerItemProxy */;
		};
/* End PBXTargetDependency section */

/* Begin PBXVariantGroup section */
		578C75132ADD541200E6A602 /* Main.html */ = {
			isa = PBXVariantGroup;
			children = (
				578C75142ADD541200E6A602 /* Base */,
			);
			name = Main.html;
			sourceTree = "<group>";
		};
		578C75272ADD541200E6A602 /* LaunchScreen.storyboard */ = {
			isa = PBXVariantGroup;
			children = (
				578C75282ADD541200E6A602 /* Base */,
			);
			name = LaunchScreen.storyboard;
			sourceTree = "<group>";
		};
		578C752A2ADD541200E6A602 /* Main.storyboard */ = {
			isa = PBXVariantGroup;
			children = (
				578C752B2ADD541200E6A602 /* Base */,
			);
			name = Main.storyboard;
			sourceTree = "<group>";
		};
		578C75362ADD541200E6A602 /* Main.storyboard */ = {
			isa = PBXVariantGroup;
			children = (
				578C75372ADD541200E6A602 /* Base */,
			);
			name = Main.storyboard;
			sourceTree = "<group>";
		};
/* End PBXVariantGroup section */

/* Begin XCBuildConfiguration section */
		578C755E2ADD541200E6A602 /* Debug */ = {
			isa = XCBuildConfiguration;
			buildSettings = {
				ALWAYS_SEARCH_USER_PATHS = NO;
				CLANG_ANALYZER_NONNULL = YES;
				CLANG_ANALYZER_NUMBER_OBJECT_CONVERSION = YES_AGGRESSIVE;
				CLANG_CXX_LANGUAGE_STANDARD = "gnu++20";
				CLANG_ENABLE_MODULES = YES;
				CLANG_ENABLE_OBJC_ARC = YES;
				CLANG_ENABLE_OBJC_WEAK = YES;
				CLANG_WARN_BLOCK_CAPTURE_AUTORELEASING = YES;
				CLANG_WARN_BOOL_CONVERSION = YES;
				CLANG_WARN_COMMA = YES;
				CLANG_WARN_CONSTANT_CONVERSION = YES;
				CLANG_WARN_DEPRECATED_OBJC_IMPLEMENTATIONS = YES;
				CLANG_WARN_DIRECT_OBJC_ISA_USAGE = YES_ERROR;
				CLANG_WARN_DOCUMENTATION_COMMENTS = YES;
				CLANG_WARN_EMPTY_BODY = YES;
				CLANG_WARN_ENUM_CONVERSION = YES;
				CLANG_WARN_INFINITE_RECURSION = YES;
				CLANG_WARN_INT_CONVERSION = YES;
				CLANG_WARN_NON_LITERAL_NULL_CONVERSION = YES;
				CLANG_WARN_OBJC_IMPLICIT_RETAIN_SELF = YES;
				CLANG_WARN_OBJC_LITERAL_CONVERSION = YES;
				CLANG_WARN_OBJC_ROOT_CLASS = YES_ERROR;
				CLANG_WARN_QUOTED_INCLUDE_IN_FRAMEWORK_HEADER = YES;
				CLANG_WARN_RANGE_LOOP_ANALYSIS = YES;
				CLANG_WARN_STRICT_PROTOTYPES = YES;
				CLANG_WARN_SUSPICIOUS_MOVE = YES;
				CLANG_WARN_UNGUARDED_AVAILABILITY = YES_AGGRESSIVE;
				CLANG_WARN_UNREACHABLE_CODE = YES;
				CLANG_WARN__DUPLICATE_METHOD_MATCH = YES;
				COPY_PHASE_STRIP = NO;
				DEBUG_INFORMATION_FORMAT = dwarf;
				ENABLE_STRICT_OBJC_MSGSEND = YES;
				ENABLE_TESTABILITY = YES;
				GCC_C_LANGUAGE_STANDARD = gnu11;
				GCC_DYNAMIC_NO_PIC = NO;
				GCC_NO_COMMON_BLOCKS = YES;
				GCC_OPTIMIZATION_LEVEL = 0;
				GCC_PREPROCESSOR_DEFINITIONS = (
					"DEBUG=1",
					"$(inherited)",
				);
				GCC_WARN_64_TO_32_BIT_CONVERSION = YES;
				GCC_WARN_ABOUT_RETURN_TYPE = YES_ERROR;
				GCC_WARN_UNDECLARED_SELECTOR = YES;
				GCC_WARN_UNINITIALIZED_AUTOS = YES_AGGRESSIVE;
				GCC_WARN_UNUSED_FUNCTION = YES;
				GCC_WARN_UNUSED_VARIABLE = YES;
				MTL_ENABLE_DEBUG_INFO = INCLUDE_SOURCE;
				MTL_FAST_MATH = YES;
				ONLY_ACTIVE_ARCH = YES;
				SWIFT_ACTIVE_COMPILATION_CONDITIONS = DEBUG;
				SWIFT_OPTIMIZATION_LEVEL = "-Onone";
			};
			name = Debug;
		};
		578C755F2ADD541200E6A602 /* Release */ = {
			isa = XCBuildConfiguration;
			buildSettings = {
				ALWAYS_SEARCH_USER_PATHS = NO;
				CLANG_ANALYZER_NONNULL = YES;
				CLANG_ANALYZER_NUMBER_OBJECT_CONVERSION = YES_AGGRESSIVE;
				CLANG_CXX_LANGUAGE_STANDARD = "gnu++20";
				CLANG_ENABLE_MODULES = YES;
				CLANG_ENABLE_OBJC_ARC = YES;
				CLANG_ENABLE_OBJC_WEAK = YES;
				CLANG_WARN_BLOCK_CAPTURE_AUTORELEASING = YES;
				CLANG_WARN_BOOL_CONVERSION = YES;
				CLANG_WARN_COMMA = YES;
				CLANG_WARN_CONSTANT_CONVERSION = YES;
				CLANG_WARN_DEPRECATED_OBJC_IMPLEMENTATIONS = YES;
				CLANG_WARN_DIRECT_OBJC_ISA_USAGE = YES_ERROR;
				CLANG_WARN_DOCUMENTATION_COMMENTS = YES;
				CLANG_WARN_EMPTY_BODY = YES;
				CLANG_WARN_ENUM_CONVERSION = YES;
				CLANG_WARN_INFINITE_RECURSION = YES;
				CLANG_WARN_INT_CONVERSION = YES;
				CLANG_WARN_NON_LITERAL_NULL_CONVERSION = YES;
				CLANG_WARN_OBJC_IMPLICIT_RETAIN_SELF = YES;
				CLANG_WARN_OBJC_LITERAL_CONVERSION = YES;
				CLANG_WARN_OBJC_ROOT_CLASS = YES_ERROR;
				CLANG_WARN_QUOTED_INCLUDE_IN_FRAMEWORK_HEADER = YES;
				CLANG_WARN_RANGE_LOOP_ANALYSIS = YES;
				CLANG_WARN_STRICT_PROTOTYPES = YES;
				CLANG_WARN_SUSPICIOUS_MOVE = YES;
				CLANG_WARN_UNGUARDED_AVAILABILITY = YES_AGGRESSIVE;
				CLANG_WARN_UNREACHABLE_CODE = YES;
				CLANG_WARN__DUPLICATE_METHOD_MATCH = YES;
				COPY_PHASE_STRIP = NO;
				DEBUG_INFORMATION_FORMAT = "dwarf-with-dsym";
				ENABLE_NS_ASSERTIONS = NO;
				ENABLE_STRICT_OBJC_MSGSEND = YES;
				GCC_C_LANGUAGE_STANDARD = gnu11;
				GCC_NO_COMMON_BLOCKS = YES;
				GCC_WARN_64_TO_32_BIT_CONVERSION = YES;
				GCC_WARN_ABOUT_RETURN_TYPE = YES_ERROR;
				GCC_WARN_UNDECLARED_SELECTOR = YES;
				GCC_WARN_UNINITIALIZED_AUTOS = YES_AGGRESSIVE;
				GCC_WARN_UNUSED_FUNCTION = YES;
				GCC_WARN_UNUSED_VARIABLE = YES;
				MTL_ENABLE_DEBUG_INFO = NO;
				MTL_FAST_MATH = YES;
				SWIFT_COMPILATION_MODE = wholemodule;
				SWIFT_OPTIMIZATION_LEVEL = "-O";
			};
			name = Release;
		};
		578C75612ADD541200E6A602 /* Debug */ = {
			isa = XCBuildConfiguration;
			buildSettings = {
				CODE_SIGN_STYLE = Automatic;
				CURRENT_PROJECT_VERSION = 1;
				DEVELOPMENT_TEAM = A5W669H8XA;
				GENERATE_INFOPLIST_FILE = YES;
				INFOPLIST_FILE = "iOS (Extension)/Info.plist";
				INFOPLIST_KEY_CFBundleDisplayName = "WordPress Admin Toggle Extension";
				INFOPLIST_KEY_NSHumanReadableCopyright = "";
				IPHONEOS_DEPLOYMENT_TARGET = 15.0;
				LD_RUNPATH_SEARCH_PATHS = (
					"$(inherited)",
					"@executable_path/Frameworks",
					"@executable_path/../../Frameworks",
				);
				MARKETING_VERSION = 1.0;
				OTHER_LDFLAGS = (
					"-framework",
					SafariServices,
				);
				PRODUCT_BUNDLE_IDENTIFIER = "com.yourCompany.WordPress-Admin-Toggle.Extension";
				PRODUCT_NAME = "WordPress Admin Toggle Extension";
				SDKROOT = iphoneos;
				SKIP_INSTALL = YES;
				SWIFT_EMIT_LOC_STRINGS = YES;
				SWIFT_VERSION = 5.0;
				TARGETED_DEVICE_FAMILY = "1,2";
			};
			name = Debug;
		};
		578C75622ADD541200E6A602 /* Release */ = {
			isa = XCBuildConfiguration;
			buildSettings = {
				CODE_SIGN_STYLE = Automatic;
				CURRENT_PROJECT_VERSION = 1;
				DEVELOPMENT_TEAM = A5W669H8XA;
				GENERATE_INFOPLIST_FILE = YES;
				INFOPLIST_FILE = "iOS (Extension)/Info.plist";
				INFOPLIST_KEY_CFBundleDisplayName = "WordPress Admin Toggle Extension";
				INFOPLIST_KEY_NSHumanReadableCopyright = "";
				IPHONEOS_DEPLOYMENT_TARGET = 15.0;
				LD_RUNPATH_SEARCH_PATHS = (
					"$(inherited)",
					"@executable_path/Frameworks",
					"@executable_path/../../Frameworks",
				);
				MARKETING_VERSION = 1.0;
				OTHER_LDFLAGS = (
					"-framework",
					SafariServices,
				);
				PRODUCT_BUNDLE_IDENTIFIER = "com.yourCompany.WordPress-Admin-Toggle.Extension";
				PRODUCT_NAME = "WordPress Admin Toggle Extension";
				SDKROOT = iphoneos;
				SKIP_INSTALL = YES;
				SWIFT_EMIT_LOC_STRINGS = YES;
				SWIFT_VERSION = 5.0;
				TARGETED_DEVICE_FAMILY = "1,2";
				VALIDATE_PRODUCT = YES;
			};
			name = Release;
		};
		578C75652ADD541200E6A602 /* Debug */ = {
			isa = XCBuildConfiguration;
			buildSettings = {
				ALWAYS_EMBED_SWIFT_STANDARD_LIBRARIES = YES;
				ASSETCATALOG_COMPILER_APPICON_NAME = AppIcon;
				ASSETCATALOG_COMPILER_GLOBAL_ACCENT_COLOR_NAME = AccentColor;
				CODE_SIGN_STYLE = Automatic;
				CURRENT_PROJECT_VERSION = 1;
				DEVELOPMENT_TEAM = A5W669H8XA;
				GENERATE_INFOPLIST_FILE = YES;
				INFOPLIST_FILE = "iOS (App)/Info.plist";
				INFOPLIST_KEY_CFBundleDisplayName = "WordPress Admin Toggle";
				INFOPLIST_KEY_UIApplicationSupportsIndirectInputEvents = YES;
				INFOPLIST_KEY_UILaunchStoryboardName = LaunchScreen;
				INFOPLIST_KEY_UIMainStoryboardFile = Main;
				INFOPLIST_KEY_UISupportedInterfaceOrientations = "UIInterfaceOrientationPortrait UIInterfaceOrientationLandscapeLeft UIInterfaceOrientationLandscapeRight";
				INFOPLIST_KEY_UISupportedInterfaceOrientations_iPad = "UIInterfaceOrientationPortrait UIInterfaceOrientationPortraitUpsideDown UIInterfaceOrientationLandscapeLeft UIInterfaceOrientationLandscapeRight";
				IPHONEOS_DEPLOYMENT_TARGET = 15.0;
				LD_RUNPATH_SEARCH_PATHS = (
					"$(inherited)",
					"@executable_path/Frameworks",
				);
				MARKETING_VERSION = 1.0;
				OTHER_LDFLAGS = (
					"-framework",
					SafariServices,
					"-framework",
					WebKit,
				);
				PRODUCT_BUNDLE_IDENTIFIER = "com.yourCompany.WordPress-Admin-Toggle";
				PRODUCT_NAME = "WordPress Admin Toggle";
				SDKROOT = iphoneos;
				SWIFT_EMIT_LOC_STRINGS = YES;
				SWIFT_VERSION = 5.0;
				TARGETED_DEVICE_FAMILY = "1,2";
			};
			name = Debug;
		};
		578C75662ADD541200E6A602 /* Release */ = {
			isa = XCBuildConfiguration;
			buildSettings = {
				ALWAYS_EMBED_SWIFT_STANDARD_LIBRARIES = YES;
				ASSETCATALOG_COMPILER_APPICON_NAME = AppIcon;
				ASSETCATALOG_COMPILER_GLOBAL_ACCENT_COLOR_NAME = AccentColor;
				CODE_SIGN_STYLE = Automatic;
				CURRENT_PROJECT_VERSION = 1;
				DEVELOPMENT_TEAM = A5W669H8XA;
				GENERATE_INFOPLIST_FILE = YES;
				INFOPLIST_FILE = "iOS (App)/Info.plist";
				INFOPLIST_KEY_CFBundleDisplayName = "WordPress Admin Toggle";
				INFOPLIST_KEY_UIApplicationSupportsIndirectInputEvents = YES;
				INFOPLIST_KEY_UILaunchStoryboardName = LaunchScreen;
				INFOPLIST_KEY_UIMainStoryboardFile = Main;
				INFOPLIST_KEY_UISupportedInterfaceOrientations = "UIInterfaceOrientationPortrait UIInterfaceOrientationLandscapeLeft UIInterfaceOrientationLandscapeRight";
				INFOPLIST_KEY_UISupportedInterfaceOrientations_iPad = "UIInterfaceOrientationPortrait UIInterfaceOrientationPortraitUpsideDown UIInterfaceOrientationLandscapeLeft UIInterfaceOrientationLandscapeRight";
				IPHONEOS_DEPLOYMENT_TARGET = 15.0;
				LD_RUNPATH_SEARCH_PATHS = (
					"$(inherited)",
					"@executable_path/Frameworks",
				);
				MARKETING_VERSION = 1.0;
				OTHER_LDFLAGS = (
					"-framework",
					SafariServices,
					"-framework",
					WebKit,
				);
				PRODUCT_BUNDLE_IDENTIFIER = "com.yourCompany.WordPress-Admin-Toggle";
				PRODUCT_NAME = "WordPress Admin Toggle";
				SDKROOT = iphoneos;
				SWIFT_EMIT_LOC_STRINGS = YES;
				SWIFT_VERSION = 5.0;
				TARGETED_DEVICE_FAMILY = "1,2";
				VALIDATE_PRODUCT = YES;
			};
			name = Release;
		};
		578C75682ADD541200E6A602 /* Debug */ = {
			isa = XCBuildConfiguration;
			buildSettings = {
				CODE_SIGN_ENTITLEMENTS = "macOS (Extension)/WordPress Admin Toggle.entitlements";
				"CODE_SIGN_IDENTITY[sdk=macosx*]" = "Apple Development";
				CODE_SIGN_STYLE = Automatic;
				CURRENT_PROJECT_VERSION = 1;
				DEVELOPMENT_TEAM = A5W669H8XA;
				ENABLE_HARDENED_RUNTIME = YES;
				GENERATE_INFOPLIST_FILE = YES;
				INFOPLIST_FILE = "macOS (Extension)/Info.plist";
				INFOPLIST_KEY_CFBundleDisplayName = "WordPress Admin Toggle Extension";
				INFOPLIST_KEY_NSHumanReadableCopyright = "";
				LD_RUNPATH_SEARCH_PATHS = (
					"$(inherited)",
					"@executable_path/../Frameworks",
					"@executable_path/../../../../Frameworks",
				);
				MACOSX_DEPLOYMENT_TARGET = 10.14;
				MARKETING_VERSION = 1.0;
				OTHER_LDFLAGS = (
					"-framework",
					SafariServices,
				);
				PRODUCT_BUNDLE_IDENTIFIER = "com.yourCompany.WordPress-Admin-Toggle.Extension";
				PRODUCT_NAME = "WordPress Admin Toggle Extension";
				SDKROOT = macosx;
				SKIP_INSTALL = YES;
				SWIFT_EMIT_LOC_STRINGS = YES;
				SWIFT_VERSION = 5.0;
			};
			name = Debug;
		};
		578C75692ADD541200E6A602 /* Release */ = {
			isa = XCBuildConfiguration;
			buildSettings = {
				CODE_SIGN_ENTITLEMENTS = "macOS (Extension)/WordPress Admin Toggle.entitlements";
				"CODE_SIGN_IDENTITY[sdk=macosx*]" = "Apple Development";
				CODE_SIGN_STYLE = Automatic;
				CURRENT_PROJECT_VERSION = 1;
				DEVELOPMENT_TEAM = A5W669H8XA;
				ENABLE_HARDENED_RUNTIME = YES;
				GENERATE_INFOPLIST_FILE = YES;
				INFOPLIST_FILE = "macOS (Extension)/Info.plist";
				INFOPLIST_KEY_CFBundleDisplayName = "WordPress Admin Toggle Extension";
				INFOPLIST_KEY_NSHumanReadableCopyright = "";
				LD_RUNPATH_SEARCH_PATHS = (
					"$(inherited)",
					"@executable_path/../Frameworks",
					"@executable_path/../../../../Frameworks",
				);
				MACOSX_DEPLOYMENT_TARGET = 10.14;
				MARKETING_VERSION = 1.0;
				OTHER_LDFLAGS = (
					"-framework",
					SafariServices,
				);
				PRODUCT_BUNDLE_IDENTIFIER = "com.yourCompany.WordPress-Admin-Toggle.Extension";
				PRODUCT_NAME = "WordPress Admin Toggle Extension";
				SDKROOT = macosx;
				SKIP_INSTALL = YES;
				SWIFT_EMIT_LOC_STRINGS = YES;
				SWIFT_VERSION = 5.0;
			};
			name = Release;
		};
		578C756C2ADD541200E6A602 /* Debug */ = {
			isa = XCBuildConfiguration;
			buildSettings = {
				ALWAYS_EMBED_SWIFT_STANDARD_LIBRARIES = YES;
				ASSETCATALOG_COMPILER_APPICON_NAME = AppIcon;
				ASSETCATALOG_COMPILER_GLOBAL_ACCENT_COLOR_NAME = AccentColor;
				CODE_SIGN_ENTITLEMENTS = "macOS (App)/WordPress Admin Toggle.entitlements";
				"CODE_SIGN_IDENTITY[sdk=macosx*]" = "Apple Development";
				CODE_SIGN_STYLE = Automatic;
				CURRENT_PROJECT_VERSION = 1;
				DEVELOPMENT_TEAM = A5W669H8XA;
				ENABLE_HARDENED_RUNTIME = YES;
				GENERATE_INFOPLIST_FILE = YES;
				INFOPLIST_FILE = "macOS (App)/Info.plist";
				INFOPLIST_KEY_CFBundleDisplayName = "WordPress Admin Toggle";
				INFOPLIST_KEY_NSMainStoryboardFile = Main;
				INFOPLIST_KEY_NSPrincipalClass = NSApplication;
				LD_RUNPATH_SEARCH_PATHS = (
					"$(inherited)",
					"@executable_path/../Frameworks",
				);
				MACOSX_DEPLOYMENT_TARGET = 10.14;
				MARKETING_VERSION = 1.0;
				OTHER_LDFLAGS = (
					"-framework",
					SafariServices,
					"-framework",
					WebKit,
				);
				PRODUCT_BUNDLE_IDENTIFIER = "com.yourCompany.WordPress-Admin-Toggle";
				PRODUCT_NAME = "WordPress Admin Toggle";
				SDKROOT = macosx;
				SWIFT_EMIT_LOC_STRINGS = YES;
				SWIFT_VERSION = 5.0;
			};
			name = Debug;
		};
		578C756D2ADD541200E6A602 /* Release */ = {
			isa = XCBuildConfiguration;
			buildSettings = {
				ALWAYS_EMBED_SWIFT_STANDARD_LIBRARIES = YES;
				ASSETCATALOG_COMPILER_APPICON_NAME = AppIcon;
				ASSETCATALOG_COMPILER_GLOBAL_ACCENT_COLOR_NAME = AccentColor;
				CODE_SIGN_ENTITLEMENTS = "macOS (App)/WordPress Admin Toggle.entitlements";
				"CODE_SIGN_IDENTITY[sdk=macosx*]" = "Apple Development";
				CODE_SIGN_STYLE = Automatic;
				CURRENT_PROJECT_VERSION = 1;
				DEVELOPMENT_TEAM = A5W669H8XA;
				ENABLE_HARDENED_RUNTIME = YES;
				GENERATE_INFOPLIST_FILE = YES;
				INFOPLIST_FILE = "macOS (App)/Info.plist";
				INFOPLIST_KEY_CFBundleDisplayName = "WordPress Admin Toggle";
				INFOPLIST_KEY_NSMainStoryboardFile = Main;
				INFOPLIST_KEY_NSPrincipalClass = NSApplication;
				LD_RUNPATH_SEARCH_PATHS = (
					"$(inherited)",
					"@executable_path/../Frameworks",
				);
				MACOSX_DEPLOYMENT_TARGET = 10.14;
				MARKETING_VERSION = 1.0;
				OTHER_LDFLAGS = (
					"-framework",
					SafariServices,
					"-framework",
					WebKit,
				);
				PRODUCT_BUNDLE_IDENTIFIER = "com.yourCompany.WordPress-Admin-Toggle";
				PRODUCT_NAME = "WordPress Admin Toggle";
				SDKROOT = macosx;
				SWIFT_EMIT_LOC_STRINGS = YES;
				SWIFT_VERSION = 5.0;
			};
			name = Release;
		};
/* End XCBuildConfiguration section */

/* Begin XCConfigurationList section */
		578C75102ADD541200E6A602 /* Build configuration list for PBXProject "WordPress Admin Toggle" */ = {
			isa = XCConfigurationList;
			buildConfigurations = (
				578C755E2ADD541200E6A602 /* Debug */,
				578C755F2ADD541200E6A602 /* Release */,
			);
			defaultConfigurationIsVisible = 0;
			defaultConfigurationName = Release;
		};
		578C75602ADD541200E6A602 /* Build configuration list for PBXNativeTarget "WordPress Admin Toggle Extension (iOS)" */ = {
			isa = XCConfigurationList;
			buildConfigurations = (
				578C75612ADD541200E6A602 /* Debug */,
				578C75622ADD541200E6A602 /* Release */,
			);
			defaultConfigurationIsVisible = 0;
			defaultConfigurationName = Release;
		};
		578C75642ADD541200E6A602 /* Build configuration list for PBXNativeTarget "WordPress Admin Toggle (iOS)" */ = {
			isa = XCConfigurationList;
			buildConfigurations = (
				578C75652ADD541200E6A602 /* Debug */,
				578C75662ADD541200E6A602 /* Release */,
			);
			defaultConfigurationIsVisible = 0;
			defaultConfigurationName = Release;
		};
		578C75672ADD541200E6A602 /* Build configuration list for PBXNativeTarget "WordPress Admin Toggle Extension (macOS)" */ = {
			isa = XCConfigurationList;
			buildConfigurations = (
				578C75682ADD541200E6A602 /* Debug */,
				578C75692ADD541200E6A602 /* Release */,
			);
			defaultConfigurationIsVisible = 0;
			defaultConfigurationName = Release;
		};
		578C756B2ADD541200E6A602 /* Build configuration list for PBXNativeTarget "WordPress Admin Toggle (macOS)" */ = {
			isa = XCConfigurationList;
			buildConfigurations = (
				578C756C2ADD541200E6A602 /* Debug */,
				578C756D2ADD541200E6A602 /* Release */,
			);
			defaultConfigurationIsVisible = 0;
			defaultConfigurationName = Release;
		};
/* End XCConfigurationList section */
	};
	rootObject = 578C750D2ADD541200E6A602 /* Project object */;
}
